{
  "name": "goal.ly",
  "lockfileVersion": 2,
  "requires": true,
  "packages": {
    "": {
      "dependencies": {
        "react-social-login-buttons": "^3.6.0"
      }
    },
    "node_modules/react-social-login-buttons": {
      "version": "3.6.0",
      "resolved": "https://registry.npmjs.org/react-social-login-buttons/-/react-social-login-buttons-3.6.0.tgz",
      "integrity": "sha512-m5E72jHWgC4VBxRziZYQC5kQIzooGRF+dDE97K5JgSlcDPXkNxCjCzP+Qp9fNhNujG7APvPx2Qhzi1BO2xi17Q==",
      "peerDependencies": {
        "react": "^15.0.0 || ^16.0.0 || ^17.x"
      }
    }
  },
  "dependencies": {
    "react-social-login-buttons": {
      "version": "3.6.0",
      "resolved": "https://registry.npmjs.org/react-social-login-buttons/-/react-social-login-buttons-3.6.0.tgz",
      "integrity": "sha512-m5E72jHWgC4VBxRziZYQC5kQIzooGRF+dDE97K5JgSlcDPXkNxCjCzP+Qp9fNhNujG7APvPx2Qhzi1BO2xi17Q=="
    }
  }
}
